
Microsoft Visual Studio Solution File, Format Version 12.00
# Visual Studio Version 17
VisualStudioVersion = 17.10.35122.118
MinimumVisualStudioVersion = 10.0.40219.1
Project("{FAE04EC0-301F-11D3-BF4B-00C04F79EFBC}") = "IChangeYourName", "IChangeYourName\IChangeYourName.csproj", "{39174D31-0E86-4417-95ED-E59BE353CAB9}"
EndProject
Global
	GlobalSection(SolutionConfigurationPlatforms) = preSolution
		Debug|Any CPU = Debug|Any CPU
		Release|Any CPU = Release|Any CPU
	EndGlobalSection
	GlobalSection(ProjectConfigurationPlatforms) = postSolution
		{39174D31-0E86-4417-95ED-E59BE353CAB9}.Debug|Any CPU.ActiveCfg = Debug|Any CPU
		{39174D31-0E86-4417-95ED-E59BE353CAB9}.Debug|Any CPU.Build.0 = Debug|Any CPU
		{39174D31-0E86-4417-95ED-E59BE353CAB9}.Release|Any CPU.ActiveCfg = Release|Any CPU
		{39174D31-0E86-4417-95ED-E59BE353CAB9}.Release|Any CPU.Build.0 = Release|Any CPU
	EndGlobalSection
	GlobalSection(SolutionProperties) = preSolution
		HideSolutionNode = FALSE
	EndGlobalSection
	GlobalSection(ExtensibilityGlobals) = postSolution
		SolutionGuid = {A475EB3E-FA80-4A68-85A4-4D1C01A86DCE}
	EndGlobalSection
EndGlobal
